// !$*UTF8*$!
{
	archiveVersion = 1;
	classes = {
	};
	objectVersion = 50;
	objects = {

/* Begin PBXBuildFile section */
		132AED9123BB188700A64670 /* BEKSpeechToText.h in Headers */ = {isa = PBXBuildFile; fileRef = 132AED8F23BB188700A64670 /* BEKSpeechToText.h */; settings = {ATTRIBUTES = (Public, ); }; };
		132AED9E23BB189E00A64670 /* BEKDefaultConfiguration.swift in Sources */ = {isa = PBXBuildFile; fileRef = 132AED9723BB189E00A64670 /* BEKDefaultConfiguration.swift */; };
		132AED9F23BB189E00A64670 /* APIHandler.swift in Sources */ = {isa = PBXBuildFile; fileRef = 132AED9823BB189E00A64670 /* APIHandler.swift */; };
		132AEDA023BB189E00A64670 /* AudioRecorder.swift in Sources */ = {isa = PBXBuildFile; fileRef = 132AED9923BB189E00A64670 /* AudioRecorder.swift */; };
		132AEDA123BB189E00A64670 /* BEKSpeech.swift in Sources */ = {isa = PBXBuildFile; fileRef = 132AED9A23BB189E00A64670 /* BEKSpeech.swift */; };
		132AEDA223BB189E00A64670 /* BEKSpeechConfigType.swift in Sources */ = {isa = PBXBuildFile; fileRef = 132AED9B23BB189E00A64670 /* BEKSpeechConfigType.swift */; };
		132AEDA323BB189E00A64670 /* BEKSpeechDelegate.swift in Sources */ = {isa = PBXBuildFile; fileRef = 132AED9C23BB189E00A64670 /* BEKSpeechDelegate.swift */; };
		132AEDA423BB189E00A64670 /* ResultModel.swift in Sources */ = {isa = PBXBuildFile; fileRef = 132AED9D23BB189E00A64670 /* ResultModel.swift */; };
		132AEDDC23BB196300A64670 /* AppDelegate.swift in Sources */ = {isa = PBXBuildFile; fileRef = 132AEDDB23BB196300A64670 /* AppDelegate.swift */; };
		132AEDDE23BB196300A64670 /* SceneDelegate.swift in Sources */ = {isa = PBXBuildFile; fileRef = 132AEDDD23BB196300A64670 /* SceneDelegate.swift */; };
		132AEDE523BB196400A64670 /* Assets.xcassets in Resources */ = {isa = PBXBuildFile; fileRef = 132AEDE423BB196400A64670 /* Assets.xcassets */; };
		132AEDEE23BB198B00A64670 /* MyConfiguration.swift in Sources */ = {isa = PBXBuildFile; fileRef = 132AEDED23BB198B00A64670 /* MyConfiguration.swift */; };
		132AEDF023BB1C0600A64670 /* Main.storyboard in Resources */ = {isa = PBXBuildFile; fileRef = 132AEDEF23BB1C0600A64670 /* Main.storyboard */; };
		132AEDF223BB1C1000A64670 /* ViewController.swift in Sources */ = {isa = PBXBuildFile; fileRef = 132AEDF123BB1C1000A64670 /* ViewController.swift */; };
		132AEDF423BB1D5D00A64670 /* LaunchScreen.storyboard in Resources */ = {isa = PBXBuildFile; fileRef = 132AEDF323BB1D5D00A64670 /* LaunchScreen.storyboard */; };
/* End PBXBuildFile section */

/* Begin PBXFileReference section */
		132AED8C23BB188700A64670 /* BEKSpeechToText.framework */ = {isa = PBXFileReference; explicitFileType = wrapper.framework; includeInIndex = 0; path = BEKSpeechToText.framework; sourceTree = BUILT_PRODUCTS_DIR; };
		132AED8F23BB188700A64670 /* BEKSpeechToText.h */ = {isa = PBXFileReference; lastKnownFileType = sourcecode.c.h; path = BEKSpeechToText.h; sourceTree = "<group>"; };
		132AED9023BB188700A64670 /* Info.plist */ = {isa = PBXFileReference; lastKnownFileType = text.plist.xml; path = Info.plist; sourceTree = "<group>"; };
		132AED9723BB189E00A64670 /* BEKDefaultConfiguration.swift */ = {isa = PBXFileReference; fileEncoding = 4; lastKnownFileType = sourcecode.swift; path = BEKDefaultConfiguration.swift; sourceTree = "<group>"; };
		132AED9823BB189E00A64670 /* APIHandler.swift */ = {isa = PBXFileReference; fileEncoding = 4; lastKnownFileType = sourcecode.swift; path = APIHandler.swift; sourceTree = "<group>"; };
		132AED9923BB189E00A64670 /* AudioRecorder.swift */ = {isa = PBXFileReference; fileEncoding = 4; lastKnownFileType = sourcecode.swift; path = AudioRecorder.swift; sourceTree = "<group>"; };
		132AED9A23BB189E00A64670 /* BEKSpeech.swift */ = {isa = PBXFileReference; fileEncoding = 4; lastKnownFileType = sourcecode.swift; path = BEKSpeech.swift; sourceTree = "<group>"; };
		132AED9B23BB189E00A64670 /* BEKSpeechConfigType.swift */ = {isa = PBXFileReference; fileEncoding = 4; lastKnownFileType = sourcecode.swift; path = BEKSpeechConfigType.swift; sourceTree = "<group>"; };
		132AED9C23BB189E00A64670 /* BEKSpeechDelegate.swift */ = {isa = PBXFileReference; fileEncoding = 4; lastKnownFileType = sourcecode.swift; path = BEKSpeechDelegate.swift; sourceTree = "<group>"; };
		132AED9D23BB189E00A64670 /* ResultModel.swift */ = {isa = PBXFileReference; fileEncoding = 4; lastKnownFileType = sourcecode.swift; path = ResultModel.swift; sourceTree = "<group>"; };
		132AEDD923BB196300A64670 /* Example.app */ = {isa = PBXFileReference; explicitFileType = wrapper.application; includeInIndex = 0; path = Example.app; sourceTree = BUILT_PRODUCTS_DIR; };
		132AEDDB23BB196300A64670 /* AppDelegate.swift */ = {isa = PBXFileReference; lastKnownFileType = sourcecode.swift; path = AppDelegate.swift; sourceTree = "<group>"; };
		132AEDDD23BB196300A64670 /* SceneDelegate.swift */ = {isa = PBXFileReference; lastKnownFileType = sourcecode.swift; path = SceneDelegate.swift; sourceTree = "<group>"; };
		132AEDE423BB196400A64670 /* Assets.xcassets */ = {isa = PBXFileReference; lastKnownFileType = folder.assetcatalog; path = Assets.xcassets; sourceTree = "<group>"; };
		132AEDE923BB196400A64670 /* Info.plist */ = {isa = PBXFileReference; lastKnownFileType = text.plist.xml; path = Info.plist; sourceTree = "<group>"; };
		132AEDED23BB198B00A64670 /* MyConfiguration.swift */ = {isa = PBXFileReference; fileEncoding = 4; lastKnownFileType = sourcecode.swift; path = MyConfiguration.swift; sourceTree = "<group>"; };
		132AEDEF23BB1C0600A64670 /* Main.storyboard */ = {isa = PBXFileReference; fileEncoding = 4; lastKnownFileType = file.storyboard; path = Main.storyboard; sourceTree = "<group>"; };
		132AEDF123BB1C1000A64670 /* ViewController.swift */ = {isa = PBXFileReference; fileEncoding = 4; lastKnownFileType = sourcecode.swift; path = ViewController.swift; sourceTree = "<group>"; };
		132AEDF323BB1D5D00A64670 /* LaunchScreen.storyboard */ = {isa = PBXFileReference; fileEncoding = 4; lastKnownFileType = file.storyboard; path = LaunchScreen.storyboard; sourceTree = "<group>"; };
/* End PBXFileReference section */

/* Begin PBXFrameworksBuildPhase section */
		132AED8923BB188700A64670 /* Frameworks */ = {
			isa = PBXFrameworksBuildPhase;
			buildActionMask = 2147483647;
			files = (
			);
			runOnlyForDeploymentPostprocessing = 0;
		};
		132AEDD623BB196300A64670 /* Frameworks */ = {
			isa = PBXFrameworksBuildPhase;
			buildActionMask = 2147483647;
			files = (
			);
			runOnlyForDeploymentPostprocessing = 0;
		};
/* End PBXFrameworksBuildPhase section */

/* Begin PBXGroup section */
		132AED8223BB188700A64670 = {
			isa = PBXGroup;
			children = (
				132AED8E23BB188700A64670 /* BEKSpeechToText */,
				132AEDDA23BB196300A64670 /* Example */,
				132AED8D23BB188700A64670 /* Products */,
			);
			sourceTree = "<group>";
		};
		132AED8D23BB188700A64670 /* Products */ = {
			isa = PBXGroup;
			children = (
				132AED8C23BB188700A64670 /* BEKSpeechToText.framework */,
				132AEDD923BB196300A64670 /* Example.app */,
			);
			name = Products;
			sourceTree = "<group>";
		};
		132AED8E23BB188700A64670 /* BEKSpeechToText */ = {
			isa = PBXGroup;
			children = (
				132AED9823BB189E00A64670 /* APIHandler.swift */,
				132AED9923BB189E00A64670 /* AudioRecorder.swift */,
				132AED9723BB189E00A64670 /* BEKDefaultConfiguration.swift */,
				132AED9A23BB189E00A64670 /* BEKSpeech.swift */,
				132AED9B23BB189E00A64670 /* BEKSpeechConfigType.swift */,
				132AED9C23BB189E00A64670 /* BEKSpeechDelegate.swift */,
				132AED9D23BB189E00A64670 /* ResultModel.swift */,
				132AED8F23BB188700A64670 /* BEKSpeechToText.h */,
				132AED9023BB188700A64670 /* Info.plist */,
			);
			path = BEKSpeechToText;
			sourceTree = "<group>";
		};
		132AEDDA23BB196300A64670 /* Example */ = {
			isa = PBXGroup;
			children = (
				132AEDDB23BB196300A64670 /* AppDelegate.swift */,
				132AEDDD23BB196300A64670 /* SceneDelegate.swift */,
				132AEDF123BB1C1000A64670 /* ViewController.swift */,
				132AEDEF23BB1C0600A64670 /* Main.storyboard */,
				132AEDF323BB1D5D00A64670 /* LaunchScreen.storyboard */,
				132AEDE423BB196400A64670 /* Assets.xcassets */,
				132AEDED23BB198B00A64670 /* MyConfiguration.swift */,
				132AEDE923BB196400A64670 /* Info.plist */,
			);
			path = Example;
			sourceTree = "<group>";
		};
/* End PBXGroup section */

/* Begin PBXHeadersBuildPhase section */
		132AED8723BB188700A64670 /* Headers */ = {
			isa = PBXHeadersBuildPhase;
			buildActionMask = 2147483647;
			files = (
				132AED9123BB188700A64670 /* BEKSpeechToText.h in Headers */,
			);
			runOnlyForDeploymentPostprocessing = 0;
		};
/* End PBXHeadersBuildPhase section */

/* Begin PBXNativeTarget section */
		132AED8B23BB188700A64670 /* BEKSpeechToText */ = {
			isa = PBXNativeTarget;
			buildConfigurationList = 132AED9423BB188700A64670 /* Build configuration list for PBXNativeTarget "BEKSpeechToText" */;
			buildPhases = (
				132AED8723BB188700A64670 /* Headers */,
				132AED8823BB188700A64670 /* Sources */,
				132AED8923BB188700A64670 /* Frameworks */,
				132AED8A23BB188700A64670 /* Resources */,
			);
			buildRules = (
			);
			dependencies = (
			);
			name = BEKSpeechToText;
			productName = BEKSpeechToText;
			productReference = 132AED8C23BB188700A64670 /* BEKSpeechToText.framework */;
			productType = "com.apple.product-type.framework";
		};
		132AEDD823BB196300A64670 /* Example */ = {
			isa = PBXNativeTarget;
			buildConfigurationList = 132AEDEA23BB196400A64670 /* Build configuration list for PBXNativeTarget "Example" */;
			buildPhases = (
				132AEDD523BB196300A64670 /* Sources */,
				132AEDD623BB196300A64670 /* Frameworks */,
				132AEDD723BB196300A64670 /* Resources */,
			);
			buildRules = (
			);
			dependencies = (
			);
			name = Example;
			productName = Example;
			productReference = 132AEDD923BB196300A64670 /* Example.app */;
			productType = "com.apple.product-type.application";
		};
/* End PBXNativeTarget section */

/* Begin PBXProject section */
		132AED8323BB188700A64670 /* Project object */ = {
			isa = PBXProject;
			attributes = {
				LastSwiftUpdateCheck = 1130;
				LastUpgradeCheck = 1130;
				ORGANIZATIONNAME = BEKApps;
				TargetAttributes = {
					132AED8B23BB188700A64670 = {
						CreatedOnToolsVersion = 11.3;
						LastSwiftMigration = 1130;
					};
					132AEDD823BB196300A64670 = {
						CreatedOnToolsVersion = 11.3;
					};
				};
			};
			buildConfigurationList = 132AED8623BB188700A64670 /* Build configuration list for PBXProject "BEKSpeechToText" */;
			compatibilityVersion = "Xcode 9.3";
			developmentRegion = en;
			hasScannedForEncodings = 0;
			knownRegions = (
				en,
				Base,
			);
			mainGroup = 132AED8223BB188700A64670;
			productRefGroup = 132AED8D23BB188700A64670 /* Products */;
			projectDirPath = "";
			projectRoot = "";
			targets = (
				132AED8B23BB188700A64670 /* BEKSpeechToText */,
				132AEDD823BB196300A64670 /* Example */,
			);
		};
/* End PBXProject section */

/* Begin PBXResourcesBuildPhase section */
		132AED8A23BB188700A64670 /* Resources */ = {
			isa = PBXResourcesBuildPhase;
			buildActionMask = 2147483647;
			files = (
			);
			runOnlyForDeploymentPostprocessing = 0;
		};
		132AEDD723BB196300A64670 /* Resources */ = {
			isa = PBXResourcesBuildPhase;
			buildActionMask = 2147483647;
			files = (
				132AEDF423BB1D5D00A64670 /* LaunchScreen.storyboard in Resources */,
				132AEDF023BB1C0600A64670 /* Main.storyboard in Resources */,
				132AEDE523BB196400A64670 /* Assets.xcassets in Resources */,
			);
			runOnlyForDeploymentPostprocessing = 0;
		};
/* End PBXResourcesBuildPhase section */

/* Begin PBXSourcesBuildPhase section */
		132AED8823BB188700A64670 /* Sources */ = {
			isa = PBXSourcesBuildPhase;
			buildActionMask = 2147483647;
			files = (
				132AEDA123BB189E00A64670 /* BEKSpeech.swift in Sources */,
				132AEDA323BB189E00A64670 /* BEKSpeechDelegate.swift in Sources */,
				132AEDA023BB189E00A64670 /* AudioRecorder.swift in Sources */,
				132AED9E23BB189E00A64670 /* BEKDefaultConfiguration.swift in Sources */,
				132AED9F23BB189E00A64670 /* APIHandler.swift in Sources */,
				132AEDA423BB189E00A64670 /* ResultModel.swift in Sources */,
				132AEDA223BB189E00A64670 /* BEKSpeechConfigType.swift in Sources */,
			);
			runOnlyForDeploymentPostprocessing = 0;
		};
		132AEDD523BB196300A64670 /* Sources */ = {
			isa = PBXSourcesBuildPhase;
			buildActionMask = 2147483647;
			files = (
				132AEDDC23BB196300A64670 /* AppDelegate.swift in Sources */,
				132AEDEE23BB198B00A64670 /* MyConfiguration.swift in Sources */,
				132AEDF223BB1C1000A64670 /* ViewController.swift in Sources */,
				132AEDDE23BB196300A64670 /* SceneDelegate.swift in Sources */,
			);
			runOnlyForDeploymentPostprocessing = 0;
		};
/* End PBXSourcesBuildPhase section */

/* Begin XCBuildConfiguration section */
		132AED9223BB188700A64670 /* Debug */ = {
			isa = XCBuildConfiguration;
			buildSettings = {
				ALWAYS_SEARCH_USER_PATHS = NO;
				CLANG_ANALYZER_NONNULL = YES;
				CLANG_ANALYZER_NUMBER_OBJECT_CONVERSION = YES_AGGRESSIVE;
				CLANG_CXX_LANGUAGE_STANDARD = "gnu++14";
				CLANG_CXX_LIBRARY = "libc++";
				CLANG_ENABLE_MODULES = YES;
				CLANG_ENABLE_OBJC_ARC = YES;
				CLANG_ENABLE_OBJC_WEAK = YES;
				CLANG_WARN_BLOCK_CAPTURE_AUTORELEASING = YES;
				CLANG_WARN_BOOL_CONVERSION = YES;
				CLANG_WARN_COMMA = YES;
				CLANG_WARN_CONSTANT_CONVERSION = YES;
				CLANG_WARN_DEPRECATED_OBJC_IMPLEMENTATIONS = YES;
				CLANG_WARN_DIRECT_OBJC_ISA_USAGE = YES_ERROR;
				CLANG_WARN_DOCUMENTATION_COMMENTS = YES;
				CLANG_WARN_EMPTY_BODY = YES;
				CLANG_WARN_ENUM_CONVERSION = YES;
				CLANG_WARN_INFINITE_RECURSION = YES;
				CLANG_WARN_INT_CONVERSION = YES;
				CLANG_WARN_NON_LITERAL_NULL_CONVERSION = YES;
				CLANG_WARN_OBJC_IMPLICIT_RETAIN_SELF = YES;
				CLANG_WARN_OBJC_LITERAL_CONVERSION = YES;
				CLANG_WARN_OBJC_ROOT_CLASS = YES_ERROR;
				CLANG_WARN_RANGE_LOOP_ANALYSIS = YES;
				CLANG_WARN_STRICT_PROTOTYPES = YES;
				CLANG_WARN_SUSPICIOUS_MOVE = YES;
				CLANG_WARN_UNGUARDED_AVAILABILITY = YES_AGGRESSIVE;
				CLANG_WARN_UNREACHABLE_CODE = YES;
				CLANG_WARN__DUPLICATE_METHOD_MATCH = YES;
				COPY_PHASE_STRIP = NO;
				CURRENT_PROJECT_VERSION = 1;
				DEBUG_INFORMATION_FORMAT = dwarf;
				ENABLE_STRICT_OBJC_MSGSEND = YES;
				ENABLE_TESTABILITY = YES;
				GCC_C_LANGUAGE_STANDARD = gnu11;
				GCC_DYNAMIC_NO_PIC = NO;
				GCC_NO_COMMON_BLOCKS = YES;
				GCC_OPTIMIZATION_LEVEL = 0;
				GCC_PREPROCESSOR_DEFINITIONS = (
					"DEBUG=1",
					"$(inherited)",
				);
				GCC_WARN_64_TO_32_BIT_CONVERSION = YES;
				GCC_WARN_ABOUT_RETURN_TYPE = YES_ERROR;
				GCC_WARN_UNDECLARED_SELECTOR = YES;
				GCC_WARN_UNINITIALIZED_AUTOS = YES_AGGRESSIVE;
				GCC_WARN_UNUSED_FUNCTION = YES;
				GCC_WARN_UNUSED_VARIABLE = YES;
				IPHONEOS_DEPLOYMENT_TARGET = 13.2;
				MTL_ENABLE_DEBUG_INFO = INCLUDE_SOURCE;
				MTL_FAST_MATH = YES;
				ONLY_ACTIVE_ARCH = YES;
				SDKROOT = iphoneos;
				SWIFT_ACTIVE_COMPILATION_CONDITIONS = DEBUG;
				SWIFT_OPTIMIZATION_LEVEL = "-Onone";
				VERSIONING_SYSTEM = "apple-generic";
				VERSION_INFO_PREFIX = "";
			};
			name = Debug;
		};
		132AED9323BB188700A64670 /* Release */ = {
			isa = XCBuildConfiguration;
			buildSettings = {
				ALWAYS_SEARCH_USER_PATHS = NO;
				CLANG_ANALYZER_NONNULL = YES;
				CLANG_ANALYZER_NUMBER_OBJECT_CONVERSION = YES_AGGRESSIVE;
				CLANG_CXX_LANGUAGE_STANDARD = "gnu++14";
				CLANG_CXX_LIBRARY = "libc++";
				CLANG_ENABLE_MODULES = YES;
				CLANG_ENABLE_OBJC_ARC = YES;
				CLANG_ENABLE_OBJC_WEAK = YES;
				CLANG_WARN_BLOCK_CAPTURE_AUTORELEASING = YES;
				CLANG_WARN_BOOL_CONVERSION = YES;
				CLANG_WARN_COMMA = YES;
				CLANG_WARN_CONSTANT_CONVERSION = YES;
				CLANG_WARN_DEPRECATED_OBJC_IMPLEMENTATIONS = YES;
				CLANG_WARN_DIRECT_OBJC_ISA_USAGE = YES_ERROR;
				CLANG_WARN_DOCUMENTATION_COMMENTS = YES;
				CLANG_WARN_EMPTY_BODY = YES;
				CLANG_WARN_ENUM_CONVERSION = YES;
				CLANG_WARN_INFINITE_RECURSION = YES;
				CLANG_WARN_INT_CONVERSION = YES;
				CLANG_WARN_NON_LITERAL_NULL_CONVERSION = YES;
				CLANG_WARN_OBJC_IMPLICIT_RETAIN_SELF = YES;
				CLANG_WARN_OBJC_LITERAL_CONVERSION = YES;
				CLANG_WARN_OBJC_ROOT_CLASS = YES_ERROR;
				CLANG_WARN_RANGE_LOOP_ANALYSIS = YES;
				CLANG_WARN_STRICT_PROTOTYPES = YES;
				CLANG_WARN_SUSPICIOUS_MOVE = YES;
				CLANG_WARN_UNGUARDED_AVAILABILITY = YES_AGGRESSIVE;
				CLANG_WARN_UNREACHABLE_CODE = YES;
				CLANG_WARN__DUPLICATE_METHOD_MATCH = YES;
				COPY_PHASE_STRIP = NO;
				CURRENT_PROJECT_VERSION = 1;
				DEBUG_INFORMATION_FORMAT = "dwarf-with-dsym";
				ENABLE_NS_ASSERTIONS = NO;
				ENABLE_STRICT_OBJC_MSGSEND = YES;
				GCC_C_LANGUAGE_STANDARD = gnu11;
				GCC_NO_COMMON_BLOCKS = YES;
				GCC_WARN_64_TO_32_BIT_CONVERSION = YES;
				GCC_WARN_ABOUT_RETURN_TYPE = YES_ERROR;
				GCC_WARN_UNDECLARED_SELECTOR = YES;
				GCC_WARN_UNINITIALIZED_AUTOS = YES_AGGRESSIVE;
				GCC_WARN_UNUSED_FUNCTION = YES;
				GCC_WARN_UNUSED_VARIABLE = YES;
				IPHONEOS_DEPLOYMENT_TARGET = 13.2;
				MTL_ENABLE_DEBUG_INFO = NO;
				MTL_FAST_MATH = YES;
				SDKROOT = iphoneos;
				SWIFT_COMPILATION_MODE = wholemodule;
				SWIFT_OPTIMIZATION_LEVEL = "-O";
				VALIDATE_PRODUCT = YES;
				VERSIONING_SYSTEM = "apple-generic";
				VERSION_INFO_PREFIX = "";
			};
			name = Release;
		};
		132AED9523BB188700A64670 /* Debug */ = {
			isa = XCBuildConfiguration;
			buildSettings = {
				CLANG_ENABLE_MODULES = YES;
				CODE_SIGN_STYLE = Automatic;
				DEFINES_MODULE = YES;
				DEVELOPMENT_TEAM = 32SKEMQWAM;
				DYLIB_COMPATIBILITY_VERSION = 1;
				DYLIB_CURRENT_VERSION = 1;
				DYLIB_INSTALL_NAME_BASE = "@rpath";
				INFOPLIST_FILE = BEKSpeechToText/Info.plist;
				INSTALL_PATH = "$(LOCAL_LIBRARY_DIR)/Frameworks";
				LD_RUNPATH_SEARCH_PATHS = (
					"$(inherited)",
					"@executable_path/Frameworks",
					"@loader_path/Frameworks",
				);
				PRODUCT_BUNDLE_IDENTIFIER = com.bekapps.BEKSpeechToText;
				PRODUCT_NAME = "$(TARGET_NAME:c99extidentifier)";
				SKIP_INSTALL = YES;
				SWIFT_OPTIMIZATION_LEVEL = "-Onone";
				SWIFT_VERSION = 5.0;
				TARGETED_DEVICE_FAMILY = "1,2";
			};
			name = Debug;
		};
		132AED9623BB188700A64670 /* Release */ = {
			isa = XCBuildConfiguration;
			buildSettings = {
				CLANG_ENABLE_MODULES = YES;
				CODE_SIGN_STYLE = Automatic;
				DEFINES_MODULE = YES;
				DEVELOPMENT_TEAM = 32SKEMQWAM;
				DYLIB_COMPATIBILITY_VERSION = 1;
				DYLIB_CURRENT_VERSION = 1;
				DYLIB_INSTALL_NAME_BASE = "@rpath";
				INFOPLIST_FILE = BEKSpeechToText/Info.plist;
				INSTALL_PATH = "$(LOCAL_LIBRARY_DIR)/Frameworks";
				LD_RUNPATH_SEARCH_PATHS = (
					"$(inherited)",
					"@executable_path/Frameworks",
					"@loader_path/Frameworks",
				);
				PRODUCT_BUNDLE_IDENTIFIER = com.bekapps.BEKSpeechToText;
				PRODUCT_NAME = "$(TARGET_NAME:c99extidentifier)";
				SKIP_INSTALL = YES;
				SWIFT_VERSION = 5.0;
				TARGETED_DEVICE_FAMILY = "1,2";
			};
			name = Release;
		};
		132AEDEB23BB196400A64670 /* Debug */ = {
			isa = XCBuildConfiguration;
			buildSettings = {
				ASSETCATALOG_COMPILER_APPICON_NAME = AppIcon;
				CODE_SIGN_STYLE = Automatic;
				DEVELOPMENT_TEAM = 32SKEMQWAM;
				INFOPLIST_FILE = Example/Info.plist;
				LD_RUNPATH_SEARCH_PATHS = (
					"$(inherited)",
					"@executable_path/Frameworks",
				);
				PRODUCT_BUNDLE_IDENTIFIER = com.bekapps.BEKSpeech.Example;
				PRODUCT_NAME = "$(TARGET_NAME)";
				SWIFT_VERSION = 5.0;
				TARGETED_DEVICE_FAMILY = "1,2";
			};
			name = Debug;
		};
		132AEDEC23BB196400A64670 /* Release */ = {
			isa = XCBuildConfiguration;
			buildSettings = {
				ASSETCATALOG_COMPILER_APPICON_NAME = AppIcon;
				CODE_SIGN_STYLE = Automatic;
				DEVELOPMENT_TEAM = 32SKEMQWAM;
				INFOPLIST_FILE = Example/Info.plist;
				LD_RUNPATH_SEARCH_PATHS = (
					"$(inherited)",
					"@executable_path/Frameworks",
				);
				PRODUCT_BUNDLE_IDENTIFIER = com.bekapps.BEKSpeech.Example;
				PRODUCT_NAME = "$(TARGET_NAME)";
				SWIFT_VERSION = 5.0;
				TARGETED_DEVICE_FAMILY = "1,2";
			};
			name = Release;
		};
/* End XCBuildConfiguration section */

/* Begin XCConfigurationList section */
		132AED8623BB188700A64670 /* Build configuration list for PBXProject "BEKSpeechToText" */ = {
			isa = XCConfigurationList;
			buildConfigurations = (
				132AED9223BB188700A64670 /* Debug */,
				132AED9323BB188700A64670 /* Release */,
			);
			defaultConfigurationIsVisible = 0;
			defaultConfigurationName = Release;
		};
		132AED9423BB188700A64670 /* Build configuration list for PBXNativeTarget "BEKSpeechToText" */ = {
			isa = XCConfigurationList;
			buildConfigurations = (
				132AED9523BB188700A64670 /* Debug */,
				132AED9623BB188700A64670 /* Release */,
			);
			defaultConfigurationIsVisible = 0;
			defaultConfigurationName = Release;
		};
		132AEDEA23BB196400A64670 /* Build configuration list for PBXNativeTarget "Example" */ = {
			isa = XCConfigurationList;
			buildConfigurations = (
				132AEDEB23BB196400A64670 /* Debug */,
				132AEDEC23BB196400A64670 /* Release */,
			);
			defaultConfigurationIsVisible = 0;
			defaultConfigurationName = Release;
		};
/* End XCConfigurationList section */
	};
	rootObject = 132AED8323BB188700A64670 /* Project object */;
}
